
Microsoft Visual Studio Solution File, Format Version 12.00
# Visual Studio Version 17
VisualStudioVersion = 17.9.34701.34
MinimumVisualStudioVersion = 10.0.40219.1
Project("{FAE04EC0-301F-11D3-BF4B-00C04F79EFBC}") = "TestD", "TestD\TestD.csproj", "{15F74F4F-FCC5-4DBD-8EAB-61A6E8D3DACD}"
EndProject
Global
	GlobalSection(SolutionConfigurationPlatforms) = preSolution
		Debug|Any CPU = Debug|Any CPU
		Release|Any CPU = Release|Any CPU
	EndGlobalSection
	GlobalSection(ProjectConfigurationPlatforms) = postSolution
		{15F74F4F-FCC5-4DBD-8EAB-61A6E8D3DACD}.Debug|Any CPU.ActiveCfg = Debug|Any CPU
		{15F74F4F-FCC5-4DBD-8EAB-61A6E8D3DACD}.Debug|Any CPU.Build.0 = Debug|Any CPU
		{15F74F4F-FCC5-4DBD-8EAB-61A6E8D3DACD}.Release|Any CPU.ActiveCfg = Release|Any CPU
		{15F74F4F-FCC5-4DBD-8EAB-61A6E8D3DACD}.Release|Any CPU.Build.0 = Release|Any CPU
	EndGlobalSection
	GlobalSection(SolutionProperties) = preSolution
		HideSolutionNode = FALSE
	EndGlobalSection
	GlobalSection(ExtensibilityGlobals) = postSolution
		SolutionGuid = {D73AF754-4795-4F80-B066-A3B858A1AF0D}
	EndGlobalSection
EndGlobal
